
Microsoft Visual Studio Solution File, Format Version 12.00
# Visual Studio Version 17
VisualStudioVersion = 17.5.002.0
MinimumVisualStudioVersion = 10.0.40219.1
Project("{9A19103F-16F7-4668-BE54-9A1E7A4F7556}") = "DiscordPlayerListConsumer", "Consumer\DiscordPlayerListConsumer.csproj", "{56B1DCB2-878A-4DFD-B07A-9FD551CD49FB}"
EndProject
Project("{9A19103F-16F7-4668-BE54-9A1E7A4F7556}") = "DiscordPlayerListPublisher", "Publisher\DiscordPlayerListPublisher.csproj", "{DDF40B66-AA34-4166-85EC-7B9AAEDB4C5E}"
EndProject
Project("{9A19103F-16F7-4668-BE54-9A1E7A4F7556}") = "DiscordPlayerListShared", "Shared\DiscordPlayerListShared.csproj", "{BC1AAF24-76E5-4B8B-8D8A-EF2EF55B97D2}"
EndProject
Global
	GlobalSection(SolutionConfigurationPlatforms) = preSolution
		Debug|Any CPU = Debug|Any CPU
		Release|Any CPU = Release|Any CPU
	EndGlobalSection
	GlobalSection(ProjectConfigurationPlatforms) = postSolution
		{56B1DCB2-878A-4DFD-B07A-9FD551CD49FB}.Debug|Any CPU.ActiveCfg = Debug|Any CPU
		{56B1DCB2-878A-4DFD-B07A-9FD551CD49FB}.Debug|Any CPU.Build.0 = Debug|Any CPU
		{56B1DCB2-878A-4DFD-B07A-9FD551CD49FB}.Release|Any CPU.ActiveCfg = Release|Any CPU
		{56B1DCB2-878A-4DFD-B07A-9FD551CD49FB}.Release|Any CPU.Build.0 = Release|Any CPU
		{DDF40B66-AA34-4166-85EC-7B9AAEDB4C5E}.Debug|Any CPU.ActiveCfg = Debug|Any CPU
		{DDF40B66-AA34-4166-85EC-7B9AAEDB4C5E}.Debug|Any CPU.Build.0 = Debug|Any CPU
		{DDF40B66-AA34-4166-85EC-7B9AAEDB4C5E}.Release|Any CPU.ActiveCfg = Release|Any CPU
		{DDF40B66-AA34-4166-85EC-7B9AAEDB4C5E}.Release|Any CPU.Build.0 = Release|Any CPU
		{BC1AAF24-76E5-4B8B-8D8A-EF2EF55B97D2}.Debug|Any CPU.ActiveCfg = Debug|Any CPU
		{BC1AAF24-76E5-4B8B-8D8A-EF2EF55B97D2}.Debug|Any CPU.Build.0 = Debug|Any CPU
		{BC1AAF24-76E5-4B8B-8D8A-EF2EF55B97D2}.Release|Any CPU.ActiveCfg = Release|Any CPU
		{BC1AAF24-76E5-4B8B-8D8A-EF2EF55B97D2}.Release|Any CPU.Build.0 = Release|Any CPU
	EndGlobalSection
	GlobalSection(SolutionProperties) = preSolution
		HideSolutionNode = FALSE
	EndGlobalSection
	GlobalSection(ExtensibilityGlobals) = postSolution
		SolutionGuid = {744425B8-D99A-444D-9F03-2FB81B797B75}
	EndGlobalSection
EndGlobal
